<?xml version="1.0" encoding="utf-8"?>
<Project ToolsVersion="4.0" xmlns="http://schemas.microsoft.com/developer/msbuild/2003">
  <ItemGroup>
    <Filter Include="Source Files">
      <UniqueIdentifier>{4FC737F1-C7A5-4376-A066-2A32D752A2FF}</UniqueIdentifier>
      <Extensions>cpp;c;cc;cxx;c++;cppm;ixx;def;odl;idl;hpj;bat;asm;asmx</Extensions>
    </Filter>
    <Filter Include="Header Files">
      <UniqueIdentifier>{93995380-89BD-4b04-88EB-625FBE52EBFB}</UniqueIdentifier>
      <Extensions>h;hh;hpp;hxx;h++;hm;inl;inc;ipp;xsd</Extensions>
    </Filter>
    <Filter Include="Resource Files">
      <UniqueIdentifier>{67DA6AB6-F800-4c08-8B7A-83BB121AAD01}</UniqueIdentifier>
      <Extensions>rc;ico;cur;bmp;dlg;rc2;rct;bin;rgs;gif;jpg;jpeg;jpe;resx;tiff;tif;png;wav;mfcribbon-ms</Extensions>
    </Filter>
    <Filter Include="Source Files\trace">
      <UniqueIdentifier>{56bf481b-a54d-4dfe-bade-2c2598c66678}</UniqueIdentifier>
    </Filter>
    <Filter Include="Header Files\trace">
      <UniqueIdentifier>{79b0e7bd-2ef8-4834-b0fe-f33a4de155b4}</UniqueIdentifier>
    </Filter>
    <Filter Include="Source Files\tests">
      <UniqueIdentifier>{950f906a-f237-4e2a-bc49-79d0a411395e}</UniqueIdentifier>
    </Filter>
    <Filter Include="Header Files\tests">
      <UniqueIdentifier>{02360b90-fea5-48f3-871d-0bd09cbd1f12}</UniqueIdentifier>
    </Filter>
  </ItemGroup>
  <ItemGroup>
    <ClCompile Include="main.cpp">
      <Filter>Source Files</Filter>
    </ClCompile>
    <ClCompile Include="cmn\trace\MicroCounter.cpp">
      <Filter>Source Files\trace</Filter>
    </ClCompile>
    <ClCompile Include="cmn\trace\TraceInserter.cpp">
      <Filter>Source Files\trace</Filter>
    </ClCompile>
    <ClCompile Include="cmn\trace\VcdProducer.cpp">
      <Filter>Source Files\trace</Filter>
    </ClCompile>
    <ClCompile Include="TestTsTrace.cpp">
      <Filter>Source Files\tests</Filter>
    </ClCompile>
  </ItemGroup>
  <ItemGroup>
    <ClInclude Include="cmn\trace\MicroCounter.h">
      <Filter>Header Files\trace</Filter>
    </ClInclude>
    <ClInclude Include="cmn\trace\TraceInserter.h">
      <Filter>Header Files\trace</Filter>
    </ClInclude>
    <ClInclude Include="cmn\trace\TSTrace.h">
      <Filter>Header Files\trace</Filter>
    </ClInclude>
    <ClInclude Include="cmn\trace\TestThings.h">
      <Filter>Header Files\trace</Filter>
    </ClInclude>
    <ClInclude Include="cmn\trace\VcdProducer.h">
      <Filter>Header Files\trace</Filter>
    </ClInclude>
    <ClInclude Include="cmn\trace\TraceMemory.h">
      <Filter>Header Files\trace</Filter>
    </ClInclude>
    <ClInclude Include="TestTsTrace.h">
      <Filter>Header Files\tests</Filter>
    </ClInclude>
  </ItemGroup>
</Project>